
Microsoft Visual Studio Solution File, Format Version 12.00
# Visual Studio Version 16
VisualStudioVersion = 16.0.29009.5
MinimumVisualStudioVersion = 10.0.40219.1
Project("{FAE04EC0-301F-11D3-BF4B-00C04F79EFBC}") = "TodoApplication", "TodoApplication\TodoApplication.csproj", "{4ECF2ADD-C93E-4FDB-AEBF-0D3EA4A9A1CD}"
EndProject
Global
	GlobalSection(SolutionConfigurationPlatforms) = preSolution
		Debug|Any CPU = Debug|Any CPU
		Release|Any CPU = Release|Any CPU
	EndGlobalSection
	GlobalSection(ProjectConfigurationPlatforms) = postSolution
		{4ECF2ADD-C93E-4FDB-AEBF-0D3EA4A9A1CD}.Debug|Any CPU.ActiveCfg = Debug|Any CPU
		{4ECF2ADD-C93E-4FDB-AEBF-0D3EA4A9A1CD}.Debug|Any CPU.Build.0 = Debug|Any CPU
		{4ECF2ADD-C93E-4FDB-AEBF-0D3EA4A9A1CD}.Release|Any CPU.ActiveCfg = Release|Any CPU
		{4ECF2ADD-C93E-4FDB-AEBF-0D3EA4A9A1CD}.Release|Any CPU.Build.0 = Release|Any CPU
	EndGlobalSection
	GlobalSection(SolutionProperties) = preSolution
		HideSolutionNode = FALSE
	EndGlobalSection
	GlobalSection(ExtensibilityGlobals) = postSolution
		SolutionGuid = {ED9E5BB2-53FC-43FE-AD55-885F6ED63011}
	EndGlobalSection
EndGlobal
